
Microsoft Visual Studio Solution File, Format Version 12.00
# Visual Studio Version 17
VisualStudioVersion = 17.14.36301.6 d17.14
MinimumVisualStudioVersion = 10.0.40219.1
Project("{FAE04EC0-301F-11D3-BF4B-00C04F79EFBC}") = "DSA Questions", "DSA Questions.csproj", "{200B4205-E5B1-4372-B0AB-7C10B4157D89}"
EndProject
Global
	GlobalSection(SolutionConfigurationPlatforms) = preSolution
		Debug|Any CPU = Debug|Any CPU
		Release|Any CPU = Release|Any CPU
	EndGlobalSection
	GlobalSection(ProjectConfigurationPlatforms) = postSolution
		{200B4205-E5B1-4372-B0AB-7C10B4157D89}.Debug|Any CPU.ActiveCfg = Debug|Any CPU
		{200B4205-E5B1-4372-B0AB-7C10B4157D89}.Debug|Any CPU.Build.0 = Debug|Any CPU
		{200B4205-E5B1-4372-B0AB-7C10B4157D89}.Release|Any CPU.ActiveCfg = Release|Any CPU
		{200B4205-E5B1-4372-B0AB-7C10B4157D89}.Release|Any CPU.Build.0 = Release|Any CPU
	EndGlobalSection
	GlobalSection(SolutionProperties) = preSolution
		HideSolutionNode = FALSE
	EndGlobalSection
	GlobalSection(ExtensibilityGlobals) = postSolution
		SolutionGuid = {855EBD18-4391-4D0B-AC5B-E4ABBFB3EB8D}
	EndGlobalSection
EndGlobal
